Microsoft Visual Studio Solution File, Format Version 12.00
# Visual Studio Version 17
VisualStudioVersion = 17.5.2.0
MinimumVisualStudioVersion = 10.0.40219.1
Project("{FAE04EC0-301F-11D3-BF4B-00C04F79EFBC}") = "polimorfizm", "polimorfizm.csproj", "{D8242E81-A0A1-14C9-2D32-05305FFD0D53}"
EndProject
Global
	GlobalSection(SolutionConfigurationPlatforms) = preSolution
		Debug|Any CPU = Debug|Any CPU
		Release|Any CPU = Release|Any CPU
	EndGlobalSection
	GlobalSection(ProjectConfigurationPlatforms) = postSolution
		{D8242E81-A0A1-14C9-2D32-05305FFD0D53}.Debug|Any CPU.ActiveCfg = Debug|Any CPU
		{D8242E81-A0A1-14C9-2D32-05305FFD0D53}.Debug|Any CPU.Build.0 = Debug|Any CPU
		{D8242E81-A0A1-14C9-2D32-05305FFD0D53}.Release|Any CPU.ActiveCfg = Release|Any CPU
		{D8242E81-A0A1-14C9-2D32-05305FFD0D53}.Release|Any CPU.Build.0 = Release|Any CPU
	EndGlobalSection
	GlobalSection(SolutionProperties) = preSolution
		HideSolutionNode = FALSE
	EndGlobalSection
	GlobalSection(ExtensibilityGlobals) = postSolution
		SolutionGuid = {2DC69092-B516-4E46-8073-B5F6A7618F23}
	EndGlobalSection
EndGlobal
