Microsoft Visual Studio Solution File, Format Version 12.00
# Visual Studio Version 17
VisualStudioVersion = 17.5.2.0
MinimumVisualStudioVersion = 10.0.40219.1
Project("{FAE04EC0-301F-11D3-BF4B-00C04F79EFBC}") = "Struktury", "Struktury.csproj", "{B39423AF-3A81-06FB-261A-8C9015ACEC7D}"
EndProject
Global
	GlobalSection(SolutionConfigurationPlatforms) = preSolution
		Debug|Any CPU = Debug|Any CPU
		Release|Any CPU = Release|Any CPU
	EndGlobalSection
	GlobalSection(ProjectConfigurationPlatforms) = postSolution
		{B39423AF-3A81-06FB-261A-8C9015ACEC7D}.Debug|Any CPU.ActiveCfg = Debug|Any CPU
		{B39423AF-3A81-06FB-261A-8C9015ACEC7D}.Debug|Any CPU.Build.0 = Debug|Any CPU
		{B39423AF-3A81-06FB-261A-8C9015ACEC7D}.Release|Any CPU.ActiveCfg = Release|Any CPU
		{B39423AF-3A81-06FB-261A-8C9015ACEC7D}.Release|Any CPU.Build.0 = Release|Any CPU
	EndGlobalSection
	GlobalSection(SolutionProperties) = preSolution
		HideSolutionNode = FALSE
	EndGlobalSection
	GlobalSection(ExtensibilityGlobals) = postSolution
		SolutionGuid = {FA88BC7F-3952-41A4-BDE4-3DD7D0622F3E}
	EndGlobalSection
EndGlobal
